// !$*UTF8*$!
{
	archiveVersion = 1;
	classes = {
	};
	objectVersion = 46;
	objects = {

/* Begin PBXBuildFile section */
		030B9BF01ADEBC0500514173 /* Contacto.swift in Sources */ = {isa = PBXBuildFile; fileRef = 030B9BEF1ADEBC0500514173 /* Contacto.swift */; };
		030B9C7F1ADEBF8200514173 /* ListaAlumnosMejorada.nicgeb in Resources */ = {isa = PBXBuildFile; fileRef = 030B9C7E1ADEBF8200514173 /* ListaAlumnosMejorada.nicgeb */; };
		030B9C811ADEBFEC00514173 /* ContactListManager.swift in Sources */ = {isa = PBXBuildFile; fileRef = 030B9C801ADEBFEC00514173 /* ContactListManager.swift */; };
		030B9C831ADECB3800514173 /* CeldaLetra.swift in Sources */ = {isa = PBXBuildFile; fileRef = 030B9C821ADECB3800514173 /* CeldaLetra.swift */; };
		033732491AE5E37200C62BDB /* DetailsViewController.swift in Sources */ = {isa = PBXBuildFile; fileRef = 033732481AE5E37200C62BDB /* DetailsViewController.swift */; };
		0337324B1AE5E63000C62BDB /* AddContactViewController.swift in Sources */ = {isa = PBXBuildFile; fileRef = 0337324A1AE5E63000C62BDB /* AddContactViewController.swift */; };
		0395A7501ADCB6B300316BB9 /* DelegateTableView.swift in Sources */ = {isa = PBXBuildFile; fileRef = 0395A74F1ADCB6B300316BB9 /* DelegateTableView.swift */; };
		0395A7521ADCB76800316BB9 /* CeldaNombre.swift in Sources */ = {isa = PBXBuildFile; fileRef = 0395A7511ADCB76800316BB9 /* CeldaNombre.swift */; };
		03CCBCCA1AD61FDD0036FF65 /* AppDelegate.swift in Sources */ = {isa = PBXBuildFile; fileRef = 03CCBCC91AD61FDD0036FF65 /* AppDelegate.swift */; };
		03CCBCCD1AD61FDD0036FF65 /* IoP_App_2.xcdatamodeld in Sources */ = {isa = PBXBuildFile; fileRef = 03CCBCCB1AD61FDD0036FF65 /* IoP_App_2.xcdatamodeld */; };
		03CCBCCF1AD61FDE0036FF65 /* ViewController.swift in Sources */ = {isa = PBXBuildFile; fileRef = 03CCBCCE1AD61FDE0036FF65 /* ViewController.swift */; };
		03CCBCD21AD61FDE0036FF65 /* Main.storyboard in Resources */ = {isa = PBXBuildFile; fileRef = 03CCBCD01AD61FDE0036FF65 /* Main.storyboard */; };
		03CCBCD41AD61FDE0036FF65 /* Images.xcassets in Resources */ = {isa = PBXBuildFile; fileRef = 03CCBCD31AD61FDE0036FF65 /* Images.xcassets */; };
		03CCBCD71AD61FDE0036FF65 /* LaunchScreen.xib in Resources */ = {isa = PBXBuildFile; fileRef = 03CCBCD51AD61FDE0036FF65 /* LaunchScreen.xib */; };
		03CCBCE31AD61FDE0036FF65 /* IoP_App_2Tests.swift in Sources */ = {isa = PBXBuildFile; fileRef = 03CCBCE21AD61FDE0036FF65 /* IoP_App_2Tests.swift */; };
		03CCBCEF1AD621C60036FF65 /* ImagenApp in Resources */ = {isa = PBXBuildFile; fileRef = 03CCBCEE1AD621C60036FF65 /* ImagenApp */; };
/* End PBXBuildFile section */

/* Begin PBXContainerItemProxy section */
		03CCBCDD1AD61FDE0036FF65 /* PBXContainerItemProxy */ = {
			isa = PBXContainerItemProxy;
			containerPortal = 03CCBCBC1AD61FDD0036FF65 /* Project object */;
			proxyType = 1;
			remoteGlobalIDString = 03CCBCC31AD61FDD0036FF65;
			remoteInfo = "IoP App 2";
		};
/* End PBXContainerItemProxy section */

/* Begin PBXFileReference section */
		030B9BEF1ADEBC0500514173 /* Contacto.swift */ = {isa = PBXFileReference; fileEncoding = 4; lastKnownFileType = sourcecode.swift; path = Contacto.swift; sourceTree = "<group>"; };
		030B9C7E1ADEBF8200514173 /* ListaAlumnosMejorada.nicgeb */ = {isa = PBXFileReference; fileEncoding = 4; lastKnownFileType = text; path = ListaAlumnosMejorada.nicgeb; sourceTree = "<group>"; };
		030B9C801ADEBFEC00514173 /* ContactListManager.swift */ = {isa = PBXFileReference; fileEncoding = 4; lastKnownFileType = sourcecode.swift; path = ContactListManager.swift; sourceTree = "<group>"; };
		030B9C821ADECB3800514173 /* CeldaLetra.swift */ = {isa = PBXFileReference; fileEncoding = 4; lastKnownFileType = sourcecode.swift; path = CeldaLetra.swift; sourceTree = "<group>"; };
		033732481AE5E37200C62BDB /* DetailsViewController.swift */ = {isa = PBXFileReference; fileEncoding = 4; lastKnownFileType = sourcecode.swift; path = DetailsViewController.swift; sourceTree = "<group>"; };
		0337324A1AE5E63000C62BDB /* AddContactViewController.swift */ = {isa = PBXFileReference; fileEncoding = 4; lastKnownFileType = sourcecode.swift; path = AddContactViewController.swift; sourceTree = "<group>"; };
		0395A74F1ADCB6B300316BB9 /* DelegateTableView.swift */ = {isa = PBXFileReference; fileEncoding = 4; lastKnownFileType = sourcecode.swift; path = DelegateTableView.swift; sourceTree = "<group>"; };
		0395A7511ADCB76800316BB9 /* CeldaNombre.swift */ = {isa = PBXFileReference; fileEncoding = 4; lastKnownFileType = sourcecode.swift; path = CeldaNombre.swift; sourceTree = "<group>"; };
		03CCBCC41AD61FDD0036FF65 /* IoP App 2.app */ = {isa = PBXFileReference; explicitFileType = wrapper.application; includeInIndex = 0; path = "IoP App 2.app"; sourceTree = BUILT_PRODUCTS_DIR; };
		03CCBCC81AD61FDD0036FF65 /* Info.plist */ = {isa = PBXFileReference; lastKnownFileType = text.plist.xml; path = Info.plist; sourceTree = "<group>"; };
		03CCBCC91AD61FDD0036FF65 /* AppDelegate.swift */ = {isa = PBXFileReference; lastKnownFileType = sourcecode.swift; path = AppDelegate.swift; sourceTree = "<group>"; };
		03CCBCCC1AD61FDD0036FF65 /* IoP_App_2.xcdatamodel */ = {isa = PBXFileReference; lastKnownFileType = wrapper.xcdatamodel; path = IoP_App_2.xcdatamodel; sourceTree = "<group>"; };
		03CCBCCE1AD61FDE0036FF65 /* ViewController.swift */ = {isa = PBXFileReference; lastKnownFileType = sourcecode.swift; path = ViewController.swift; sourceTree = "<group>"; };
		03CCBCD11AD61FDE0036FF65 /* Base */ = {isa = PBXFileReference; lastKnownFileType = file.storyboard; name = Base; path = Base.lproj/Main.storyboard; sourceTree = "<group>"; };
		03CCBCD31AD61FDE0036FF65 /* Images.xcassets */ = {isa = PBXFileReference; lastKnownFileType = folder.assetcatalog; path = Images.xcassets; sourceTree = "<group>"; };
		03CCBCD61AD61FDE0036FF65 /* Base */ = {isa = PBXFileReference; lastKnownFileType = file.xib; name = Base; path = Base.lproj/LaunchScreen.xib; sourceTree = "<group>"; };
		03CCBCDC1AD61FDE0036FF65 /* IoP App 2Tests.xctest */ = {isa = PBXFileReference; explicitFileType = wrapper.cfbundle; includeInIndex = 0; path = "IoP App 2Tests.xctest"; sourceTree = BUILT_PRODUCTS_DIR; };
		03CCBCE11AD61FDE0036FF65 /* Info.plist */ = {isa = PBXFileReference; lastKnownFileType = text.plist.xml; path = Info.plist; sourceTree = "<group>"; };
		03CCBCE21AD61FDE0036FF65 /* IoP_App_2Tests.swift */ = {isa = PBXFileReference; lastKnownFileType = sourcecode.swift; path = IoP_App_2Tests.swift; sourceTree = "<group>"; };
		03CCBCEE1AD621C60036FF65 /* ImagenApp */ = {isa = PBXFileReference; lastKnownFileType = folder; path = ImagenApp; sourceTree = "<group>"; };
/* End PBXFileReference section */

/* Begin PBXFrameworksBuildPhase section */
		03CCBCC11AD61FDD0036FF65 /* Frameworks */ = {
			isa = PBXFrameworksBuildPhase;
			buildActionMask = 2147483647;
			files = (
			);
			runOnlyForDeploymentPostprocessing = 0;
		};
		03CCBCD91AD61FDE0036FF65 /* Frameworks */ = {
			isa = PBXFrameworksBuildPhase;
			buildActionMask = 2147483647;
			files = (
			);
			runOnlyForDeploymentPostprocessing = 0;
		};
/* End PBXFrameworksBuildPhase section */

/* Begin PBXGroup section */
		03CCBCBB1AD61FDD0036FF65 = {
			isa = PBXGroup;
			children = (
				03CCBCC61AD61FDD0036FF65 /* IoP App 2 */,
				03CCBCDF1AD61FDE0036FF65 /* IoP App 2Tests */,
				03CCBCC51AD61FDD0036FF65 /* Products */,
			);
			sourceTree = "<group>";
		};
		03CCBCC51AD61FDD0036FF65 /* Products */ = {
			isa = PBXGroup;
			children = (
				03CCBCC41AD61FDD0036FF65 /* IoP App 2.app */,
				03CCBCDC1AD61FDE0036FF65 /* IoP App 2Tests.xctest */,
			);
			name = Products;
			sourceTree = "<group>";
		};
		03CCBCC61AD61FDD0036FF65 /* IoP App 2 */ = {
			isa = PBXGroup;
			children = (
				030B9C7E1ADEBF8200514173 /* ListaAlumnosMejorada.nicgeb */,
				03CCBCC91AD61FDD0036FF65 /* AppDelegate.swift */,
				0395A74F1ADCB6B300316BB9 /* DelegateTableView.swift */,
				03CCBCCE1AD61FDE0036FF65 /* ViewController.swift */,
				030B9C801ADEBFEC00514173 /* ContactListManager.swift */,
				030B9BEF1ADEBC0500514173 /* Contacto.swift */,
				0395A7511ADCB76800316BB9 /* CeldaNombre.swift */,
				030B9C821ADECB3800514173 /* CeldaLetra.swift */,
				03CCBCD01AD61FDE0036FF65 /* Main.storyboard */,
				0337324A1AE5E63000C62BDB /* AddContactViewController.swift */,
				033732481AE5E37200C62BDB /* DetailsViewController.swift */,
				03CCBCD51AD61FDE0036FF65 /* LaunchScreen.xib */,
				03CCBCCB1AD61FDD0036FF65 /* IoP_App_2.xcdatamodeld */,
				03CCBCD31AD61FDE0036FF65 /* Images.xcassets */,
				03CCBCEE1AD621C60036FF65 /* ImagenApp */,
				03CCBCC71AD61FDD0036FF65 /* Supporting Files */,
			);
			path = "IoP App 2";
			sourceTree = "<group>";
		};
		03CCBCC71AD61FDD0036FF65 /* Supporting Files */ = {
			isa = PBXGroup;
			children = (
				03CCBCC81AD61FDD0036FF65 /* Info.plist */,
			);
			name = "Supporting Files";
			sourceTree = "<group>";
		};
		03CCBCDF1AD61FDE0036FF65 /* IoP App 2Tests */ = {
			isa = PBXGroup;
			children = (
				03CCBCE21AD61FDE0036FF65 /* IoP_App_2Tests.swift */,
				03CCBCE01AD61FDE0036FF65 /* Supporting Files */,
			);
			path = "IoP App 2Tests";
			sourceTree = "<group>";
		};
		03CCBCE01AD61FDE0036FF65 /* Supporting Files */ = {
			isa = PBXGroup;
			children = (
				03CCBCE11AD61FDE0036FF65 /* Info.plist */,
			);
			name = "Supporting Files";
			sourceTree = "<group>";
		};
/* End PBXGroup section */

/* Begin PBXNativeTarget section */
		03CCBCC31AD61FDD0036FF65 /* IoP App 2 */ = {
			isa = PBXNativeTarget;
			buildConfigurationList = 03CCBCE61AD61FDE0036FF65 /* Build configuration list for PBXNativeTarget "IoP App 2" */;
			buildPhases = (
				03CCBCC01AD61FDD0036FF65 /* Sources */,
				03CCBCC11AD61FDD0036FF65 /* Frameworks */,
				03CCBCC21AD61FDD0036FF65 /* Resources */,
			);
			buildRules = (
			);
			dependencies = (
			);
			name = "IoP App 2";
			productName = "IoP App 2";
			productReference = 03CCBCC41AD61FDD0036FF65 /* IoP App 2.app */;
			productType = "com.apple.product-type.application";
		};
		03CCBCDB1AD61FDE0036FF65 /* IoP App 2Tests */ = {
			isa = PBXNativeTarget;
			buildConfigurationList = 03CCBCE91AD61FDE0036FF65 /* Build configuration list for PBXNativeTarget "IoP App 2Tests" */;
			buildPhases = (
				03CCBCD81AD61FDE0036FF65 /* Sources */,
				03CCBCD91AD61FDE0036FF65 /* Frameworks */,
				03CCBCDA1AD61FDE0036FF65 /* Resources */,
			);
			buildRules = (
			);
			dependencies = (
				03CCBCDE1AD61FDE0036FF65 /* PBXTargetDependency */,
			);
			name = "IoP App 2Tests";
			productName = "IoP App 2Tests";
			productReference = 03CCBCDC1AD61FDE0036FF65 /* IoP App 2Tests.xctest */;
			productType = "com.apple.product-type.bundle.unit-test";
		};
/* End PBXNativeTarget section */

/* Begin PBXProject section */
		03CCBCBC1AD61FDD0036FF65 /* Project object */ = {
			isa = PBXProject;
			attributes = {
				LastUpgradeCheck = 0630;
				ORGANIZATIONNAME = "Nicolás Gebauer";
				TargetAttributes = {
					03CCBCC31AD61FDD0036FF65 = {
						CreatedOnToolsVersion = 6.3;
					};
					03CCBCDB1AD61FDE0036FF65 = {
						CreatedOnToolsVersion = 6.3;
						TestTargetID = 03CCBCC31AD61FDD0036FF65;
					};
				};
			};
			buildConfigurationList = 03CCBCBF1AD61FDD0036FF65 /* Build configuration list for PBXProject "IoP App 2" */;
			compatibilityVersion = "Xcode 3.2";
			developmentRegion = English;
			hasScannedForEncodings = 0;
			knownRegions = (
				en,
				Base,
			);
			mainGroup = 03CCBCBB1AD61FDD0036FF65;
			productRefGroup = 03CCBCC51AD61FDD0036FF65 /* Products */;
			projectDirPath = "";
			projectRoot = "";
			targets = (
				03CCBCC31AD61FDD0036FF65 /* IoP App 2 */,
				03CCBCDB1AD61FDE0036FF65 /* IoP App 2Tests */,
			);
		};
/* End PBXProject section */

/* Begin PBXResourcesBuildPhase section */
		03CCBCC21AD61FDD0036FF65 /* Resources */ = {
			isa = PBXResourcesBuildPhase;
			buildActionMask = 2147483647;
			files = (
				030B9C7F1ADEBF8200514173 /* ListaAlumnosMejorada.nicgeb in Resources */,
				03CCBCD21AD61FDE0036FF65 /* Main.storyboard in Resources */,
				03CCBCEF1AD621C60036FF65 /* ImagenApp in Resources */,
				03CCBCD71AD61FDE0036FF65 /* LaunchScreen.xib in Resources */,
				03CCBCD41AD61FDE0036FF65 /* Images.xcassets in Resources */,
			);
			runOnlyForDeploymentPostprocessing = 0;
		};
		03CCBCDA1AD61FDE0036FF65 /* Resources */ = {
			isa = PBXResourcesBuildPhase;
			buildActionMask = 2147483647;
			files = (
			);
			runOnlyForDeploymentPostprocessing = 0;
		};
/* End PBXResourcesBuildPhase section */

/* Begin PBXSourcesBuildPhase section */
		03CCBCC01AD61FDD0036FF65 /* Sources */ = {
			isa = PBXSourcesBuildPhase;
			buildActionMask = 2147483647;
			files = (
				0395A7521ADCB76800316BB9 /* CeldaNombre.swift in Sources */,
				03CCBCCF1AD61FDE0036FF65 /* ViewController.swift in Sources */,
				033732491AE5E37200C62BDB /* DetailsViewController.swift in Sources */,
				030B9C811ADEBFEC00514173 /* ContactListManager.swift in Sources */,
				030B9BF01ADEBC0500514173 /* Contacto.swift in Sources */,
				0337324B1AE5E63000C62BDB /* AddContactViewController.swift in Sources */,
				030B9C831ADECB3800514173 /* CeldaLetra.swift in Sources */,
				03CCBCCA1AD61FDD0036FF65 /* AppDelegate.swift in Sources */,
				03CCBCCD1AD61FDD0036FF65 /* IoP_App_2.xcdatamodeld in Sources */,
				0395A7501ADCB6B300316BB9 /* DelegateTableView.swift in Sources */,
			);
			runOnlyForDeploymentPostprocessing = 0;
		};
		03CCBCD81AD61FDE0036FF65 /* Sources */ = {
			isa = PBXSourcesBuildPhase;
			buildActionMask = 2147483647;
			files = (
				03CCBCE31AD61FDE0036FF65 /* IoP_App_2Tests.swift in Sources */,
			);
			runOnlyForDeploymentPostprocessing = 0;
		};
/* End PBXSourcesBuildPhase section */

/* Begin PBXTargetDependency section */
		03CCBCDE1AD61FDE0036FF65 /* PBXTargetDependency */ = {
			isa = PBXTargetDependency;
			target = 03CCBCC31AD61FDD0036FF65 /* IoP App 2 */;
			targetProxy = 03CCBCDD1AD61FDE0036FF65 /* PBXContainerItemProxy */;
		};
/* End PBXTargetDependency section */

/* Begin PBXVariantGroup section */
		03CCBCD01AD61FDE0036FF65 /* Main.storyboard */ = {
			isa = PBXVariantGroup;
			children = (
				03CCBCD11AD61FDE0036FF65 /* Base */,
			);
			name = Main.storyboard;
			sourceTree = "<group>";
		};
		03CCBCD51AD61FDE0036FF65 /* LaunchScreen.xib */ = {
			isa = PBXVariantGroup;
			children = (
				03CCBCD61AD61FDE0036FF65 /* Base */,
			);
			name = LaunchScreen.xib;
			sourceTree = "<group>";
		};
/* End PBXVariantGroup section */

/* Begin XCBuildConfiguration section */
		03CCBCE41AD61FDE0036FF65 /* Debug */ = {
			isa = XCBuildConfiguration;
			buildSettings = {
				ALWAYS_SEARCH_USER_PATHS = NO;
				CLANG_CXX_LANGUAGE_STANDARD = "gnu++0x";
				CLANG_CXX_LIBRARY = "libc++";
				CLANG_ENABLE_MODULES = YES;
				CLANG_ENABLE_OBJC_ARC = YES;
				CLANG_WARN_BOOL_CONVERSION = YES;
				CLANG_WARN_CONSTANT_CONVERSION = YES;
				CLANG_WARN_DIRECT_OBJC_ISA_USAGE = YES_ERROR;
				CLANG_WARN_EMPTY_BODY = YES;
				CLANG_WARN_ENUM_CONVERSION = YES;
				CLANG_WARN_INT_CONVERSION = YES;
				CLANG_WARN_OBJC_ROOT_CLASS = YES_ERROR;
				CLANG_WARN_UNREACHABLE_CODE = YES;
				CLANG_WARN__DUPLICATE_METHOD_MATCH = YES;
				"CODE_SIGN_IDENTITY[sdk=iphoneos*]" = "iPhone Developer";
				COPY_PHASE_STRIP = NO;
				DEBUG_INFORMATION_FORMAT = "dwarf-with-dsym";
				ENABLE_STRICT_OBJC_MSGSEND = YES;
				GCC_C_LANGUAGE_STANDARD = gnu99;
				GCC_DYNAMIC_NO_PIC = NO;
				GCC_NO_COMMON_BLOCKS = YES;
				GCC_OPTIMIZATION_LEVEL = 0;
				GCC_PREPROCESSOR_DEFINITIONS = (
					"DEBUG=1",
					"$(inherited)",
				);
				GCC_SYMBOLS_PRIVATE_EXTERN = NO;
				GCC_WARN_64_TO_32_BIT_CONVERSION = YES;
				GCC_WARN_ABOUT_RETURN_TYPE = YES_ERROR;
				GCC_WARN_UNDECLARED_SELECTOR = YES;
				GCC_WARN_UNINITIALIZED_AUTOS = YES_AGGRESSIVE;
				GCC_WARN_UNUSED_FUNCTION = YES;
				GCC_WARN_UNUSED_VARIABLE = YES;
				IPHONEOS_DEPLOYMENT_TARGET = 8.3;
				MTL_ENABLE_DEBUG_INFO = YES;
				ONLY_ACTIVE_ARCH = YES;
				SDKROOT = iphoneos;
				SWIFT_OPTIMIZATION_LEVEL = "-Onone";
				TARGETED_DEVICE_FAMILY = "1,2";
			};
			name = Debug;
		};
		03CCBCE51AD61FDE0036FF65 /* Release */ = {
			isa = XCBuildConfiguration;
			buildSettings = {
				ALWAYS_SEARCH_USER_PATHS = NO;
				CLANG_CXX_LANGUAGE_STANDARD = "gnu++0x";
				CLANG_CXX_LIBRARY = "libc++";
				CLANG_ENABLE_MODULES = YES;
				CLANG_ENABLE_OBJC_ARC = YES;
				CLANG_WARN_BOOL_CONVERSION = YES;
				CLANG_WARN_CONSTANT_CONVERSION = YES;
				CLANG_WARN_DIRECT_OBJC_ISA_USAGE = YES_ERROR;
				CLANG_WARN_EMPTY_BODY = YES;
				CLANG_WARN_ENUM_CONVERSION = YES;
				CLANG_WARN_INT_CONVERSION = YES;
				CLANG_WARN_OBJC_ROOT_CLASS = YES_ERROR;
				CLANG_WARN_UNREACHABLE_CODE = YES;
				CLANG_WARN__DUPLICATE_METHOD_MATCH = YES;
				"CODE_SIGN_IDENTITY[sdk=iphoneos*]" = "iPhone Developer";
				COPY_PHASE_STRIP = NO;
				DEBUG_INFORMATION_FORMAT = "dwarf-with-dsym";
				ENABLE_NS_ASSERTIONS = NO;
				ENABLE_STRICT_OBJC_MSGSEND = YES;
				GCC_C_LANGUAGE_STANDARD = gnu99;
				GCC_NO_COMMON_BLOCKS = YES;
				GCC_WARN_64_TO_32_BIT_CONVERSION = YES;
				GCC_WARN_ABOUT_RETURN_TYPE = YES_ERROR;
				GCC_WARN_UNDECLARED_SELECTOR = YES;
				GCC_WARN_UNINITIALIZED_AUTOS = YES_AGGRESSIVE;
				GCC_WARN_UNUSED_FUNCTION = YES;
				GCC_WARN_UNUSED_VARIABLE = YES;
				IPHONEOS_DEPLOYMENT_TARGET = 8.3;
				MTL_ENABLE_DEBUG_INFO = NO;
				SDKROOT = iphoneos;
				TARGETED_DEVICE_FAMILY = "1,2";
				VALIDATE_PRODUCT = YES;
			};
			name = Release;
		};
		03CCBCE71AD61FDE0036FF65 /* Debug */ = {
			isa = XCBuildConfiguration;
			buildSettings = {
				ASSETCATALOG_COMPILER_APPICON_NAME = AppIcon;
				CLANG_ENABLE_MODULES = YES;
				INFOPLIST_FILE = "IoP App 2/Info.plist";
				LD_RUNPATH_SEARCH_PATHS = "$(inherited) @executable_path/Frameworks";
				PRODUCT_NAME = "$(TARGET_NAME)";
				SWIFT_INSTALL_OBJC_HEADER = NO;
				SWIFT_OBJC_BRIDGING_HEADER = "";
				SWIFT_OBJC_INTERFACE_HEADER_NAME = "";
				SWIFT_OPTIMIZATION_LEVEL = "-Onone";
			};
			name = Debug;
		};
		03CCBCE81AD61FDE0036FF65 /* Release */ = {
			isa = XCBuildConfiguration;
			buildSettings = {
				ASSETCATALOG_COMPILER_APPICON_NAME = AppIcon;
				CLANG_ENABLE_MODULES = YES;
				INFOPLIST_FILE = "IoP App 2/Info.plist";
				LD_RUNPATH_SEARCH_PATHS = "$(inherited) @executable_path/Frameworks";
				PRODUCT_NAME = "$(TARGET_NAME)";
				SWIFT_INSTALL_OBJC_HEADER = NO;
				SWIFT_OBJC_BRIDGING_HEADER = "";
				SWIFT_OBJC_INTERFACE_HEADER_NAME = "";
			};
			name = Release;
		};
		03CCBCEA1AD61FDE0036FF65 /* Debug */ = {
			isa = XCBuildConfiguration;
			buildSettings = {
				BUNDLE_LOADER = "$(TEST_HOST)";
				FRAMEWORK_SEARCH_PATHS = (
					"$(SDKROOT)/Developer/Library/Frameworks",
					"$(inherited)",
				);
				GCC_PREPROCESSOR_DEFINITIONS = (
					"DEBUG=1",
					"$(inherited)",
				);
				INFOPLIST_FILE = "IoP App 2Tests/Info.plist";
				LD_RUNPATH_SEARCH_PATHS = "$(inherited) @executable_path/Frameworks @loader_path/Frameworks";
				PRODUCT_NAME = "$(TARGET_NAME)";
				TEST_HOST = "$(BUILT_PRODUCTS_DIR)/IoP App 2.app/IoP App 2";
			};
			name = Debug;
		};
		03CCBCEB1AD61FDE0036FF65 /* Release */ = {
			isa = XCBuildConfiguration;
			buildSettings = {
				BUNDLE_LOADER = "$(TEST_HOST)";
				FRAMEWORK_SEARCH_PATHS = (
					"$(SDKROOT)/Developer/Library/Frameworks",
					"$(inherited)",
				);
				INFOPLIST_FILE = "IoP App 2Tests/Info.plist";
				LD_RUNPATH_SEARCH_PATHS = "$(inherited) @executable_path/Frameworks @loader_path/Frameworks";
				PRODUCT_NAME = "$(TARGET_NAME)";
				TEST_HOST = "$(BUILT_PRODUCTS_DIR)/IoP App 2.app/IoP App 2";
			};
			name = Release;
		};
/* End XCBuildConfiguration section */

/* Begin XCConfigurationList section */
		03CCBCBF1AD61FDD0036FF65 /* Build configuration list for PBXProject "IoP App 2" */ = {
			isa = XCConfigurationList;
			buildConfigurations = (
				03CCBCE41AD61FDE0036FF65 /* Debug */,
				03CCBCE51AD61FDE0036FF65 /* Release */,
			);
			defaultConfigurationIsVisible = 0;
			defaultConfigurationName = Release;
		};
		03CCBCE61AD61FDE0036FF65 /* Build configuration list for PBXNativeTarget "IoP App 2" */ = {
			isa = XCConfigurationList;
			buildConfigurations = (
				03CCBCE71AD61FDE0036FF65 /* Debug */,
				03CCBCE81AD61FDE0036FF65 /* Release */,
			);
			defaultConfigurationIsVisible = 0;
			defaultConfigurationName = Release;
		};
		03CCBCE91AD61FDE0036FF65 /* Build configuration list for PBXNativeTarget "IoP App 2Tests" */ = {
			isa = XCConfigurationList;
			buildConfigurations = (
				03CCBCEA1AD61FDE0036FF65 /* Debug */,
				03CCBCEB1AD61FDE0036FF65 /* Release */,
			);
			defaultConfigurationIsVisible = 0;
			defaultConfigurationName = Release;
		};
/* End XCConfigurationList section */

/* Begin XCVersionGroup section */
		03CCBCCB1AD61FDD0036FF65 /* IoP_App_2.xcdatamodeld */ = {
			isa = XCVersionGroup;
			children = (
				03CCBCCC1AD61FDD0036FF65 /* IoP_App_2.xcdatamodel */,
			);
			currentVersion = 03CCBCCC1AD61FDD0036FF65 /* IoP_App_2.xcdatamodel */;
			path = IoP_App_2.xcdatamodeld;
			sourceTree = "<group>";
			versionGroupType = wrapper.xcdatamodel;
		};
/* End XCVersionGroup section */
	};
	rootObject = 03CCBCBC1AD61FDD0036FF65 /* Project object */;
}
