// !$*UTF8*$!
{
	archiveVersion = 1;
	classes = {
	};
	objectVersion = 46;
	objects = {

/* Begin PBXBuildFile section */
		03C3E86B1AEF0F740077A781 /* RepoSnippetsTests.swift in Sources */ = {isa = PBXBuildFile; fileRef = 03C3E86A1AEF0F740077A781 /* RepoSnippetsTests.swift */; };
		03C3E8751AEF0F920077A781 /* FetchContacts.swift in Sources */ = {isa = PBXBuildFile; fileRef = 03C3E8741AEF0F920077A781 /* FetchContacts.swift */; };
		03C3E8771AEF10080077A781 /* ObtenerDatosDeAddressBook.swift in Sources */ = {isa = PBXBuildFile; fileRef = 03C3E8761AEF10080077A781 /* ObtenerDatosDeAddressBook.swift */; };
		03C3E8791AEF10AF0077A781 /* AgregarConstraints.swift in Sources */ = {isa = PBXBuildFile; fileRef = 03C3E8781AEF10AF0077A781 /* AgregarConstraints.swift */; };
		03C3E87B1AEF11390077A781 /* POSTyGet.swift in Sources */ = {isa = PBXBuildFile; fileRef = 03C3E87A1AEF11390077A781 /* POSTyGet.swift */; };
		03C3E8871AF090110077A781 /* CompararConGenerador.swift in Sources */ = {isa = PBXBuildFile; fileRef = 03C3E8861AF090110077A781 /* CompararConGenerador.swift */; };
/* End PBXBuildFile section */

/* Begin PBXContainerItemProxy section */
		03C3E8651AEF0F740077A781 /* PBXContainerItemProxy */ = {
			isa = PBXContainerItemProxy;
			containerPortal = 03C3E8441AEF0F740077A781 /* Project object */;
			proxyType = 1;
			remoteGlobalIDString = 03C3E84B1AEF0F740077A781;
			remoteInfo = RepoSnippets;
		};
/* End PBXContainerItemProxy section */

/* Begin PBXFileReference section */
		03C3E84C1AEF0F740077A781 /* RepoSnippets.app */ = {isa = PBXFileReference; explicitFileType = wrapper.application; includeInIndex = 0; path = RepoSnippets.app; sourceTree = BUILT_PRODUCTS_DIR; };
		03C3E8641AEF0F740077A781 /* RepoSnippetsTests.xctest */ = {isa = PBXFileReference; explicitFileType = wrapper.cfbundle; includeInIndex = 0; path = RepoSnippetsTests.xctest; sourceTree = BUILT_PRODUCTS_DIR; };
		03C3E8691AEF0F740077A781 /* Info.plist */ = {isa = PBXFileReference; lastKnownFileType = text.plist.xml; path = Info.plist; sourceTree = "<group>"; };
		03C3E86A1AEF0F740077A781 /* RepoSnippetsTests.swift */ = {isa = PBXFileReference; lastKnownFileType = sourcecode.swift; path = RepoSnippetsTests.swift; sourceTree = "<group>"; };
		03C3E8741AEF0F920077A781 /* FetchContacts.swift */ = {isa = PBXFileReference; fileEncoding = 4; lastKnownFileType = sourcecode.swift; path = FetchContacts.swift; sourceTree = "<group>"; };
		03C3E8761AEF10080077A781 /* ObtenerDatosDeAddressBook.swift */ = {isa = PBXFileReference; fileEncoding = 4; lastKnownFileType = sourcecode.swift; path = ObtenerDatosDeAddressBook.swift; sourceTree = "<group>"; };
		03C3E8781AEF10AF0077A781 /* AgregarConstraints.swift */ = {isa = PBXFileReference; fileEncoding = 4; lastKnownFileType = sourcecode.swift; path = AgregarConstraints.swift; sourceTree = "<group>"; };
		03C3E87A1AEF11390077A781 /* POSTyGet.swift */ = {isa = PBXFileReference; fileEncoding = 4; lastKnownFileType = sourcecode.swift; path = POSTyGet.swift; sourceTree = "<group>"; };
		03C3E8861AF090110077A781 /* CompararConGenerador.swift */ = {isa = PBXFileReference; fileEncoding = 4; lastKnownFileType = sourcecode.swift; path = CompararConGenerador.swift; sourceTree = "<group>"; };
/* End PBXFileReference section */

/* Begin PBXFrameworksBuildPhase section */
		03C3E8491AEF0F740077A781 /* Frameworks */ = {
			isa = PBXFrameworksBuildPhase;
			buildActionMask = 2147483647;
			files = (
			);
			runOnlyForDeploymentPostprocessing = 0;
		};
		03C3E8611AEF0F740077A781 /* Frameworks */ = {
			isa = PBXFrameworksBuildPhase;
			buildActionMask = 2147483647;
			files = (
			);
			runOnlyForDeploymentPostprocessing = 0;
		};
/* End PBXFrameworksBuildPhase section */

/* Begin PBXGroup section */
		03C3E8431AEF0F740077A781 = {
			isa = PBXGroup;
			children = (
				03C3E84E1AEF0F740077A781 /* RepoSnippets */,
				03C3E8671AEF0F740077A781 /* RepoSnippetsTests */,
				03C3E84D1AEF0F740077A781 /* Products */,
			);
			sourceTree = "<group>";
		};
		03C3E84D1AEF0F740077A781 /* Products */ = {
			isa = PBXGroup;
			children = (
				03C3E84C1AEF0F740077A781 /* RepoSnippets.app */,
				03C3E8641AEF0F740077A781 /* RepoSnippetsTests.xctest */,
			);
			name = Products;
			sourceTree = "<group>";
		};
		03C3E84E1AEF0F740077A781 /* RepoSnippets */ = {
			isa = PBXGroup;
			children = (
				03C3E8741AEF0F920077A781 /* FetchContacts.swift */,
				03C3E8761AEF10080077A781 /* ObtenerDatosDeAddressBook.swift */,
				03C3E8781AEF10AF0077A781 /* AgregarConstraints.swift */,
				03C3E87A1AEF11390077A781 /* POSTyGet.swift */,
				03C3E8861AF090110077A781 /* CompararConGenerador.swift */,
			);
			path = RepoSnippets;
			sourceTree = "<group>";
		};
		03C3E8671AEF0F740077A781 /* RepoSnippetsTests */ = {
			isa = PBXGroup;
			children = (
				03C3E86A1AEF0F740077A781 /* RepoSnippetsTests.swift */,
				03C3E8681AEF0F740077A781 /* Supporting Files */,
			);
			path = RepoSnippetsTests;
			sourceTree = "<group>";
		};
		03C3E8681AEF0F740077A781 /* Supporting Files */ = {
			isa = PBXGroup;
			children = (
				03C3E8691AEF0F740077A781 /* Info.plist */,
			);
			name = "Supporting Files";
			sourceTree = "<group>";
		};
/* End PBXGroup section */

/* Begin PBXNativeTarget section */
		03C3E84B1AEF0F740077A781 /* RepoSnippets */ = {
			isa = PBXNativeTarget;
			buildConfigurationList = 03C3E86E1AEF0F740077A781 /* Build configuration list for PBXNativeTarget "RepoSnippets" */;
			buildPhases = (
				03C3E8481AEF0F740077A781 /* Sources */,
				03C3E8491AEF0F740077A781 /* Frameworks */,
				03C3E84A1AEF0F740077A781 /* Resources */,
			);
			buildRules = (
			);
			dependencies = (
			);
			name = RepoSnippets;
			productName = RepoSnippets;
			productReference = 03C3E84C1AEF0F740077A781 /* RepoSnippets.app */;
			productType = "com.apple.product-type.application";
		};
		03C3E8631AEF0F740077A781 /* RepoSnippetsTests */ = {
			isa = PBXNativeTarget;
			buildConfigurationList = 03C3E8711AEF0F740077A781 /* Build configuration list for PBXNativeTarget "RepoSnippetsTests" */;
			buildPhases = (
				03C3E8601AEF0F740077A781 /* Sources */,
				03C3E8611AEF0F740077A781 /* Frameworks */,
				03C3E8621AEF0F740077A781 /* Resources */,
			);
			buildRules = (
			);
			dependencies = (
				03C3E8661AEF0F740077A781 /* PBXTargetDependency */,
			);
			name = RepoSnippetsTests;
			productName = RepoSnippetsTests;
			productReference = 03C3E8641AEF0F740077A781 /* RepoSnippetsTests.xctest */;
			productType = "com.apple.product-type.bundle.unit-test";
		};
/* End PBXNativeTarget section */

/* Begin PBXProject section */
		03C3E8441AEF0F740077A781 /* Project object */ = {
			isa = PBXProject;
			attributes = {
				LastUpgradeCheck = 0630;
				ORGANIZATIONNAME = "Nicolás Gebauer";
				TargetAttributes = {
					03C3E84B1AEF0F740077A781 = {
						CreatedOnToolsVersion = 6.3.1;
					};
					03C3E8631AEF0F740077A781 = {
						CreatedOnToolsVersion = 6.3.1;
						TestTargetID = 03C3E84B1AEF0F740077A781;
					};
				};
			};
			buildConfigurationList = 03C3E8471AEF0F740077A781 /* Build configuration list for PBXProject "RepoSnippets" */;
			compatibilityVersion = "Xcode 3.2";
			developmentRegion = English;
			hasScannedForEncodings = 0;
			knownRegions = (
				en,
				Base,
			);
			mainGroup = 03C3E8431AEF0F740077A781;
			productRefGroup = 03C3E84D1AEF0F740077A781 /* Products */;
			projectDirPath = "";
			projectRoot = "";
			targets = (
				03C3E84B1AEF0F740077A781 /* RepoSnippets */,
				03C3E8631AEF0F740077A781 /* RepoSnippetsTests */,
			);
		};
/* End PBXProject section */

/* Begin PBXResourcesBuildPhase section */
		03C3E84A1AEF0F740077A781 /* Resources */ = {
			isa = PBXResourcesBuildPhase;
			buildActionMask = 2147483647;
			files = (
			);
			runOnlyForDeploymentPostprocessing = 0;
		};
		03C3E8621AEF0F740077A781 /* Resources */ = {
			isa = PBXResourcesBuildPhase;
			buildActionMask = 2147483647;
			files = (
			);
			runOnlyForDeploymentPostprocessing = 0;
		};
/* End PBXResourcesBuildPhase section */

/* Begin PBXSourcesBuildPhase section */
		03C3E8481AEF0F740077A781 /* Sources */ = {
			isa = PBXSourcesBuildPhase;
			buildActionMask = 2147483647;
			files = (
				03C3E87B1AEF11390077A781 /* POSTyGet.swift in Sources */,
				03C3E8771AEF10080077A781 /* ObtenerDatosDeAddressBook.swift in Sources */,
				03C3E8791AEF10AF0077A781 /* AgregarConstraints.swift in Sources */,
				03C3E8871AF090110077A781 /* CompararConGenerador.swift in Sources */,
				03C3E8751AEF0F920077A781 /* FetchContacts.swift in Sources */,
			);
			runOnlyForDeploymentPostprocessing = 0;
		};
		03C3E8601AEF0F740077A781 /* Sources */ = {
			isa = PBXSourcesBuildPhase;
			buildActionMask = 2147483647;
			files = (
				03C3E86B1AEF0F740077A781 /* RepoSnippetsTests.swift in Sources */,
			);
			runOnlyForDeploymentPostprocessing = 0;
		};
/* End PBXSourcesBuildPhase section */

/* Begin PBXTargetDependency section */
		03C3E8661AEF0F740077A781 /* PBXTargetDependency */ = {
			isa = PBXTargetDependency;
			target = 03C3E84B1AEF0F740077A781 /* RepoSnippets */;
			targetProxy = 03C3E8651AEF0F740077A781 /* PBXContainerItemProxy */;
		};
/* End PBXTargetDependency section */

/* Begin XCBuildConfiguration section */
		03C3E86C1AEF0F740077A781 /* Debug */ = {
			isa = XCBuildConfiguration;
			buildSettings = {
				ALWAYS_SEARCH_USER_PATHS = NO;
				CLANG_CXX_LANGUAGE_STANDARD = "gnu++0x";
				CLANG_CXX_LIBRARY = "libc++";
				CLANG_ENABLE_MODULES = YES;
				CLANG_ENABLE_OBJC_ARC = YES;
				CLANG_WARN_BOOL_CONVERSION = YES;
				CLANG_WARN_CONSTANT_CONVERSION = YES;
				CLANG_WARN_DIRECT_OBJC_ISA_USAGE = YES_ERROR;
				CLANG_WARN_EMPTY_BODY = YES;
				CLANG_WARN_ENUM_CONVERSION = YES;
				CLANG_WARN_INT_CONVERSION = YES;
				CLANG_WARN_OBJC_ROOT_CLASS = YES_ERROR;
				CLANG_WARN_UNREACHABLE_CODE = YES;
				CLANG_WARN__DUPLICATE_METHOD_MATCH = YES;
				"CODE_SIGN_IDENTITY[sdk=iphoneos*]" = "iPhone Developer";
				COPY_PHASE_STRIP = NO;
				DEBUG_INFORMATION_FORMAT = "dwarf-with-dsym";
				ENABLE_STRICT_OBJC_MSGSEND = YES;
				GCC_C_LANGUAGE_STANDARD = gnu99;
				GCC_DYNAMIC_NO_PIC = NO;
				GCC_NO_COMMON_BLOCKS = YES;
				GCC_OPTIMIZATION_LEVEL = 0;
				GCC_PREPROCESSOR_DEFINITIONS = (
					"DEBUG=1",
					"$(inherited)",
				);
				GCC_SYMBOLS_PRIVATE_EXTERN = NO;
				GCC_WARN_64_TO_32_BIT_CONVERSION = YES;
				GCC_WARN_ABOUT_RETURN_TYPE = YES_ERROR;
				GCC_WARN_UNDECLARED_SELECTOR = YES;
				GCC_WARN_UNINITIALIZED_AUTOS = YES_AGGRESSIVE;
				GCC_WARN_UNUSED_FUNCTION = YES;
				GCC_WARN_UNUSED_VARIABLE = YES;
				IPHONEOS_DEPLOYMENT_TARGET = 8.3;
				MTL_ENABLE_DEBUG_INFO = YES;
				ONLY_ACTIVE_ARCH = YES;
				SDKROOT = iphoneos;
				SWIFT_OPTIMIZATION_LEVEL = "-Onone";
				TARGETED_DEVICE_FAMILY = "1,2";
			};
			name = Debug;
		};
		03C3E86D1AEF0F740077A781 /* Release */ = {
			isa = XCBuildConfiguration;
			buildSettings = {
				ALWAYS_SEARCH_USER_PATHS = NO;
				CLANG_CXX_LANGUAGE_STANDARD = "gnu++0x";
				CLANG_CXX_LIBRARY = "libc++";
				CLANG_ENABLE_MODULES = YES;
				CLANG_ENABLE_OBJC_ARC = YES;
				CLANG_WARN_BOOL_CONVERSION = YES;
				CLANG_WARN_CONSTANT_CONVERSION = YES;
				CLANG_WARN_DIRECT_OBJC_ISA_USAGE = YES_ERROR;
				CLANG_WARN_EMPTY_BODY = YES;
				CLANG_WARN_ENUM_CONVERSION = YES;
				CLANG_WARN_INT_CONVERSION = YES;
				CLANG_WARN_OBJC_ROOT_CLASS = YES_ERROR;
				CLANG_WARN_UNREACHABLE_CODE = YES;
				CLANG_WARN__DUPLICATE_METHOD_MATCH = YES;
				"CODE_SIGN_IDENTITY[sdk=iphoneos*]" = "iPhone Developer";
				COPY_PHASE_STRIP = NO;
				DEBUG_INFORMATION_FORMAT = "dwarf-with-dsym";
				ENABLE_NS_ASSERTIONS = NO;
				ENABLE_STRICT_OBJC_MSGSEND = YES;
				GCC_C_LANGUAGE_STANDARD = gnu99;
				GCC_NO_COMMON_BLOCKS = YES;
				GCC_WARN_64_TO_32_BIT_CONVERSION = YES;
				GCC_WARN_ABOUT_RETURN_TYPE = YES_ERROR;
				GCC_WARN_UNDECLARED_SELECTOR = YES;
				GCC_WARN_UNINITIALIZED_AUTOS = YES_AGGRESSIVE;
				GCC_WARN_UNUSED_FUNCTION = YES;
				GCC_WARN_UNUSED_VARIABLE = YES;
				IPHONEOS_DEPLOYMENT_TARGET = 8.3;
				MTL_ENABLE_DEBUG_INFO = NO;
				SDKROOT = iphoneos;
				TARGETED_DEVICE_FAMILY = "1,2";
				VALIDATE_PRODUCT = YES;
			};
			name = Release;
		};
		03C3E86F1AEF0F740077A781 /* Debug */ = {
			isa = XCBuildConfiguration;
			buildSettings = {
				ASSETCATALOG_COMPILER_APPICON_NAME = AppIcon;
				CLANG_ENABLE_MODULES = YES;
				INFOPLIST_FILE = RepoSnippets/Info.plist;
				LD_RUNPATH_SEARCH_PATHS = "$(inherited) @executable_path/Frameworks";
				PRODUCT_NAME = "$(TARGET_NAME)";
				SWIFT_OPTIMIZATION_LEVEL = "-Onone";
			};
			name = Debug;
		};
		03C3E8701AEF0F740077A781 /* Release */ = {
			isa = XCBuildConfiguration;
			buildSettings = {
				ASSETCATALOG_COMPILER_APPICON_NAME = AppIcon;
				CLANG_ENABLE_MODULES = YES;
				INFOPLIST_FILE = RepoSnippets/Info.plist;
				LD_RUNPATH_SEARCH_PATHS = "$(inherited) @executable_path/Frameworks";
				PRODUCT_NAME = "$(TARGET_NAME)";
			};
			name = Release;
		};
		03C3E8721AEF0F740077A781 /* Debug */ = {
			isa = XCBuildConfiguration;
			buildSettings = {
				BUNDLE_LOADER = "$(TEST_HOST)";
				FRAMEWORK_SEARCH_PATHS = (
					"$(SDKROOT)/Developer/Library/Frameworks",
					"$(inherited)",
				);
				GCC_PREPROCESSOR_DEFINITIONS = (
					"DEBUG=1",
					"$(inherited)",
				);
				INFOPLIST_FILE = RepoSnippetsTests/Info.plist;
				LD_RUNPATH_SEARCH_PATHS = "$(inherited) @executable_path/Frameworks @loader_path/Frameworks";
				PRODUCT_NAME = "$(TARGET_NAME)";
				TEST_HOST = "$(BUILT_PRODUCTS_DIR)/RepoSnippets.app/RepoSnippets";
			};
			name = Debug;
		};
		03C3E8731AEF0F740077A781 /* Release */ = {
			isa = XCBuildConfiguration;
			buildSettings = {
				BUNDLE_LOADER = "$(TEST_HOST)";
				FRAMEWORK_SEARCH_PATHS = (
					"$(SDKROOT)/Developer/Library/Frameworks",
					"$(inherited)",
				);
				INFOPLIST_FILE = RepoSnippetsTests/Info.plist;
				LD_RUNPATH_SEARCH_PATHS = "$(inherited) @executable_path/Frameworks @loader_path/Frameworks";
				PRODUCT_NAME = "$(TARGET_NAME)";
				TEST_HOST = "$(BUILT_PRODUCTS_DIR)/RepoSnippets.app/RepoSnippets";
			};
			name = Release;
		};
/* End XCBuildConfiguration section */

/* Begin XCConfigurationList section */
		03C3E8471AEF0F740077A781 /* Build configuration list for PBXProject "RepoSnippets" */ = {
			isa = XCConfigurationList;
			buildConfigurations = (
				03C3E86C1AEF0F740077A781 /* Debug */,
				03C3E86D1AEF0F740077A781 /* Release */,
			);
			defaultConfigurationIsVisible = 0;
			defaultConfigurationName = Release;
		};
		03C3E86E1AEF0F740077A781 /* Build configuration list for PBXNativeTarget "RepoSnippets" */ = {
			isa = XCConfigurationList;
			buildConfigurations = (
				03C3E86F1AEF0F740077A781 /* Debug */,
				03C3E8701AEF0F740077A781 /* Release */,
			);
			defaultConfigurationIsVisible = 0;
			defaultConfigurationName = Release;
		};
		03C3E8711AEF0F740077A781 /* Build configuration list for PBXNativeTarget "RepoSnippetsTests" */ = {
			isa = XCConfigurationList;
			buildConfigurations = (
				03C3E8721AEF0F740077A781 /* Debug */,
				03C3E8731AEF0F740077A781 /* Release */,
			);
			defaultConfigurationIsVisible = 0;
			defaultConfigurationName = Release;
		};
/* End XCConfigurationList section */
	};
	rootObject = 03C3E8441AEF0F740077A781 /* Project object */;
}
