// !$*UTF8*$!
{
	archiveVersion = 1;
	classes = {
	};
	objectVersion = 46;
	objects = {

/* Begin PBXBuildFile section */
		03884DF21ABE6D4300B4DFE0 /* main.m in Sources */ = {isa = PBXBuildFile; fileRef = 03884DF11ABE6D4300B4DFE0 /* main.m */; };
		03884DF51ABE6D4300B4DFE0 /* AppDelegate.m in Sources */ = {isa = PBXBuildFile; fileRef = 03884DF41ABE6D4300B4DFE0 /* AppDelegate.m */; };
		03884DF81ABE6D4300B4DFE0 /* ViewController.m in Sources */ = {isa = PBXBuildFile; fileRef = 03884DF71ABE6D4300B4DFE0 /* ViewController.m */; };
		03884DFB1ABE6D4300B4DFE0 /* Main.storyboard in Resources */ = {isa = PBXBuildFile; fileRef = 03884DF91ABE6D4300B4DFE0 /* Main.storyboard */; };
		03884DFD1ABE6D4300B4DFE0 /* Images.xcassets in Resources */ = {isa = PBXBuildFile; fileRef = 03884DFC1ABE6D4300B4DFE0 /* Images.xcassets */; };
		03884E001ABE6D4300B4DFE0 /* LaunchScreen.xib in Resources */ = {isa = PBXBuildFile; fileRef = 03884DFE1ABE6D4300B4DFE0 /* LaunchScreen.xib */; };
		03884E0C1ABE6D4300B4DFE0 /* IoPTarea1Tests.m in Sources */ = {isa = PBXBuildFile; fileRef = 03884E0B1ABE6D4300B4DFE0 /* IoPTarea1Tests.m */; };
		03884E1D1ABE781900B4DFE0 /* DelegateTableView.m in Sources */ = {isa = PBXBuildFile; fileRef = 03884E1C1ABE781900B4DFE0 /* DelegateTableView.m */; };
		03884E261ABE7AE900B4DFE0 /* CeldaNombre.m in Sources */ = {isa = PBXBuildFile; fileRef = 03884E251ABE7AE900B4DFE0 /* CeldaNombre.m */; };
		03884E291ABE7AF700B4DFE0 /* CeldaLetra.m in Sources */ = {isa = PBXBuildFile; fileRef = 03884E281ABE7AF700B4DFE0 /* CeldaLetra.m */; };
		03884E2B1ABE8C8000B4DFE0 /* ListaAlumnos.txt in Resources */ = {isa = PBXBuildFile; fileRef = 03884E2A1ABE8C8000B4DFE0 /* ListaAlumnos.txt */; };
		03884E2E1ABE9E2B00B4DFE0 /* DetailsViewController.m in Sources */ = {isa = PBXBuildFile; fileRef = 03884E2D1ABE9E2B00B4DFE0 /* DetailsViewController.m */; };
/* End PBXBuildFile section */

/* Begin PBXContainerItemProxy section */
		03884E061ABE6D4300B4DFE0 /* PBXContainerItemProxy */ = {
			isa = PBXContainerItemProxy;
			containerPortal = 03884DE41ABE6D4300B4DFE0 /* Project object */;
			proxyType = 1;
			remoteGlobalIDString = 03884DEB1ABE6D4300B4DFE0;
			remoteInfo = IoPTarea1;
		};
/* End PBXContainerItemProxy section */

/* Begin PBXFileReference section */
		03884DEC1ABE6D4300B4DFE0 /* IoPTarea1.app */ = {isa = PBXFileReference; explicitFileType = wrapper.application; includeInIndex = 0; path = IoPTarea1.app; sourceTree = BUILT_PRODUCTS_DIR; };
		03884DF01ABE6D4300B4DFE0 /* Info.plist */ = {isa = PBXFileReference; lastKnownFileType = text.plist.xml; path = Info.plist; sourceTree = "<group>"; };
		03884DF11ABE6D4300B4DFE0 /* main.m */ = {isa = PBXFileReference; lastKnownFileType = sourcecode.c.objc; path = main.m; sourceTree = "<group>"; };
		03884DF31ABE6D4300B4DFE0 /* AppDelegate.h */ = {isa = PBXFileReference; lastKnownFileType = sourcecode.c.h; path = AppDelegate.h; sourceTree = "<group>"; };
		03884DF41ABE6D4300B4DFE0 /* AppDelegate.m */ = {isa = PBXFileReference; lastKnownFileType = sourcecode.c.objc; path = AppDelegate.m; sourceTree = "<group>"; };
		03884DF61ABE6D4300B4DFE0 /* ViewController.h */ = {isa = PBXFileReference; lastKnownFileType = sourcecode.c.h; path = ViewController.h; sourceTree = "<group>"; };
		03884DF71ABE6D4300B4DFE0 /* ViewController.m */ = {isa = PBXFileReference; lastKnownFileType = sourcecode.c.objc; path = ViewController.m; sourceTree = "<group>"; };
		03884DFA1ABE6D4300B4DFE0 /* Base */ = {isa = PBXFileReference; lastKnownFileType = file.storyboard; name = Base; path = Base.lproj/Main.storyboard; sourceTree = "<group>"; };
		03884DFC1ABE6D4300B4DFE0 /* Images.xcassets */ = {isa = PBXFileReference; lastKnownFileType = folder.assetcatalog; path = Images.xcassets; sourceTree = "<group>"; };
		03884DFF1ABE6D4300B4DFE0 /* Base */ = {isa = PBXFileReference; lastKnownFileType = file.xib; name = Base; path = Base.lproj/LaunchScreen.xib; sourceTree = "<group>"; };
		03884E051ABE6D4300B4DFE0 /* IoPTarea1Tests.xctest */ = {isa = PBXFileReference; explicitFileType = wrapper.cfbundle; includeInIndex = 0; path = IoPTarea1Tests.xctest; sourceTree = BUILT_PRODUCTS_DIR; };
		03884E0A1ABE6D4300B4DFE0 /* Info.plist */ = {isa = PBXFileReference; lastKnownFileType = text.plist.xml; path = Info.plist; sourceTree = "<group>"; };
		03884E0B1ABE6D4300B4DFE0 /* IoPTarea1Tests.m */ = {isa = PBXFileReference; lastKnownFileType = sourcecode.c.objc; path = IoPTarea1Tests.m; sourceTree = "<group>"; };
		03884E1B1ABE781900B4DFE0 /* DelegateTableView.h */ = {isa = PBXFileReference; fileEncoding = 4; lastKnownFileType = sourcecode.c.h; path = DelegateTableView.h; sourceTree = "<group>"; };
		03884E1C1ABE781900B4DFE0 /* DelegateTableView.m */ = {isa = PBXFileReference; fileEncoding = 4; lastKnownFileType = sourcecode.c.objc; path = DelegateTableView.m; sourceTree = "<group>"; };
		03884E241ABE7AE900B4DFE0 /* CeldaNombre.h */ = {isa = PBXFileReference; fileEncoding = 4; lastKnownFileType = sourcecode.c.h; path = CeldaNombre.h; sourceTree = "<group>"; };
		03884E251ABE7AE900B4DFE0 /* CeldaNombre.m */ = {isa = PBXFileReference; fileEncoding = 4; lastKnownFileType = sourcecode.c.objc; path = CeldaNombre.m; sourceTree = "<group>"; };
		03884E271ABE7AF700B4DFE0 /* CeldaLetra.h */ = {isa = PBXFileReference; fileEncoding = 4; lastKnownFileType = sourcecode.c.h; path = CeldaLetra.h; sourceTree = "<group>"; };
		03884E281ABE7AF700B4DFE0 /* CeldaLetra.m */ = {isa = PBXFileReference; fileEncoding = 4; lastKnownFileType = sourcecode.c.objc; path = CeldaLetra.m; sourceTree = "<group>"; };
		03884E2A1ABE8C8000B4DFE0 /* ListaAlumnos.txt */ = {isa = PBXFileReference; fileEncoding = 4; lastKnownFileType = text; path = ListaAlumnos.txt; sourceTree = "<group>"; };
		03884E2C1ABE9E2B00B4DFE0 /* DetailsViewController.h */ = {isa = PBXFileReference; fileEncoding = 4; lastKnownFileType = sourcecode.c.h; path = DetailsViewController.h; sourceTree = "<group>"; };
		03884E2D1ABE9E2B00B4DFE0 /* DetailsViewController.m */ = {isa = PBXFileReference; fileEncoding = 4; lastKnownFileType = sourcecode.c.objc; path = DetailsViewController.m; sourceTree = "<group>"; };
/* End PBXFileReference section */

/* Begin PBXFrameworksBuildPhase section */
		03884DE91ABE6D4300B4DFE0 /* Frameworks */ = {
			isa = PBXFrameworksBuildPhase;
			buildActionMask = 2147483647;
			files = (
			);
			runOnlyForDeploymentPostprocessing = 0;
		};
		03884E021ABE6D4300B4DFE0 /* Frameworks */ = {
			isa = PBXFrameworksBuildPhase;
			buildActionMask = 2147483647;
			files = (
			);
			runOnlyForDeploymentPostprocessing = 0;
		};
/* End PBXFrameworksBuildPhase section */

/* Begin PBXGroup section */
		03884DE31ABE6D4300B4DFE0 = {
			isa = PBXGroup;
			children = (
				03884DEE1ABE6D4300B4DFE0 /* IoPTarea1 */,
				03884E081ABE6D4300B4DFE0 /* IoPTarea1Tests */,
				03884DED1ABE6D4300B4DFE0 /* Products */,
			);
			sourceTree = "<group>";
		};
		03884DED1ABE6D4300B4DFE0 /* Products */ = {
			isa = PBXGroup;
			children = (
				03884DEC1ABE6D4300B4DFE0 /* IoPTarea1.app */,
				03884E051ABE6D4300B4DFE0 /* IoPTarea1Tests.xctest */,
			);
			name = Products;
			sourceTree = "<group>";
		};
		03884DEE1ABE6D4300B4DFE0 /* IoPTarea1 */ = {
			isa = PBXGroup;
			children = (
				03884E2A1ABE8C8000B4DFE0 /* ListaAlumnos.txt */,
				03884DF31ABE6D4300B4DFE0 /* AppDelegate.h */,
				03884DF41ABE6D4300B4DFE0 /* AppDelegate.m */,
				03884DF61ABE6D4300B4DFE0 /* ViewController.h */,
				03884DF71ABE6D4300B4DFE0 /* ViewController.m */,
				03884DF91ABE6D4300B4DFE0 /* Main.storyboard */,
				03884DFC1ABE6D4300B4DFE0 /* Images.xcassets */,
				03884DFE1ABE6D4300B4DFE0 /* LaunchScreen.xib */,
				03884DEF1ABE6D4300B4DFE0 /* Supporting Files */,
				03884E1B1ABE781900B4DFE0 /* DelegateTableView.h */,
				03884E1C1ABE781900B4DFE0 /* DelegateTableView.m */,
				03884E241ABE7AE900B4DFE0 /* CeldaNombre.h */,
				03884E251ABE7AE900B4DFE0 /* CeldaNombre.m */,
				03884E271ABE7AF700B4DFE0 /* CeldaLetra.h */,
				03884E281ABE7AF700B4DFE0 /* CeldaLetra.m */,
				03884E2C1ABE9E2B00B4DFE0 /* DetailsViewController.h */,
				03884E2D1ABE9E2B00B4DFE0 /* DetailsViewController.m */,
			);
			path = IoPTarea1;
			sourceTree = "<group>";
		};
		03884DEF1ABE6D4300B4DFE0 /* Supporting Files */ = {
			isa = PBXGroup;
			children = (
				03884DF01ABE6D4300B4DFE0 /* Info.plist */,
				03884DF11ABE6D4300B4DFE0 /* main.m */,
			);
			name = "Supporting Files";
			sourceTree = "<group>";
		};
		03884E081ABE6D4300B4DFE0 /* IoPTarea1Tests */ = {
			isa = PBXGroup;
			children = (
				03884E0B1ABE6D4300B4DFE0 /* IoPTarea1Tests.m */,
				03884E091ABE6D4300B4DFE0 /* Supporting Files */,
			);
			path = IoPTarea1Tests;
			sourceTree = "<group>";
		};
		03884E091ABE6D4300B4DFE0 /* Supporting Files */ = {
			isa = PBXGroup;
			children = (
				03884E0A1ABE6D4300B4DFE0 /* Info.plist */,
			);
			name = "Supporting Files";
			sourceTree = "<group>";
		};
/* End PBXGroup section */

/* Begin PBXNativeTarget section */
		03884DEB1ABE6D4300B4DFE0 /* IoPTarea1 */ = {
			isa = PBXNativeTarget;
			buildConfigurationList = 03884E0F1ABE6D4300B4DFE0 /* Build configuration list for PBXNativeTarget "IoPTarea1" */;
			buildPhases = (
				03884DE81ABE6D4300B4DFE0 /* Sources */,
				03884DE91ABE6D4300B4DFE0 /* Frameworks */,
				03884DEA1ABE6D4300B4DFE0 /* Resources */,
			);
			buildRules = (
			);
			dependencies = (
			);
			name = IoPTarea1;
			productName = IoPTarea1;
			productReference = 03884DEC1ABE6D4300B4DFE0 /* IoPTarea1.app */;
			productType = "com.apple.product-type.application";
		};
		03884E041ABE6D4300B4DFE0 /* IoPTarea1Tests */ = {
			isa = PBXNativeTarget;
			buildConfigurationList = 03884E121ABE6D4300B4DFE0 /* Build configuration list for PBXNativeTarget "IoPTarea1Tests" */;
			buildPhases = (
				03884E011ABE6D4300B4DFE0 /* Sources */,
				03884E021ABE6D4300B4DFE0 /* Frameworks */,
				03884E031ABE6D4300B4DFE0 /* Resources */,
			);
			buildRules = (
			);
			dependencies = (
				03884E071ABE6D4300B4DFE0 /* PBXTargetDependency */,
			);
			name = IoPTarea1Tests;
			productName = IoPTarea1Tests;
			productReference = 03884E051ABE6D4300B4DFE0 /* IoPTarea1Tests.xctest */;
			productType = "com.apple.product-type.bundle.unit-test";
		};
/* End PBXNativeTarget section */

/* Begin PBXProject section */
		03884DE41ABE6D4300B4DFE0 /* Project object */ = {
			isa = PBXProject;
			attributes = {
				LastUpgradeCheck = 0620;
				ORGANIZATIONNAME = "Nicolás Gebauer";
				TargetAttributes = {
					03884DEB1ABE6D4300B4DFE0 = {
						CreatedOnToolsVersion = 6.2;
					};
					03884E041ABE6D4300B4DFE0 = {
						CreatedOnToolsVersion = 6.2;
						TestTargetID = 03884DEB1ABE6D4300B4DFE0;
					};
				};
			};
			buildConfigurationList = 03884DE71ABE6D4300B4DFE0 /* Build configuration list for PBXProject "IoPTarea1" */;
			compatibilityVersion = "Xcode 3.2";
			developmentRegion = English;
			hasScannedForEncodings = 0;
			knownRegions = (
				en,
				Base,
			);
			mainGroup = 03884DE31ABE6D4300B4DFE0;
			productRefGroup = 03884DED1ABE6D4300B4DFE0 /* Products */;
			projectDirPath = "";
			projectRoot = "";
			targets = (
				03884DEB1ABE6D4300B4DFE0 /* IoPTarea1 */,
				03884E041ABE6D4300B4DFE0 /* IoPTarea1Tests */,
			);
		};
/* End PBXProject section */

/* Begin PBXResourcesBuildPhase section */
		03884DEA1ABE6D4300B4DFE0 /* Resources */ = {
			isa = PBXResourcesBuildPhase;
			buildActionMask = 2147483647;
			files = (
				03884DFB1ABE6D4300B4DFE0 /* Main.storyboard in Resources */,
				03884E001ABE6D4300B4DFE0 /* LaunchScreen.xib in Resources */,
				03884E2B1ABE8C8000B4DFE0 /* ListaAlumnos.txt in Resources */,
				03884DFD1ABE6D4300B4DFE0 /* Images.xcassets in Resources */,
			);
			runOnlyForDeploymentPostprocessing = 0;
		};
		03884E031ABE6D4300B4DFE0 /* Resources */ = {
			isa = PBXResourcesBuildPhase;
			buildActionMask = 2147483647;
			files = (
			);
			runOnlyForDeploymentPostprocessing = 0;
		};
/* End PBXResourcesBuildPhase section */

/* Begin PBXSourcesBuildPhase section */
		03884DE81ABE6D4300B4DFE0 /* Sources */ = {
			isa = PBXSourcesBuildPhase;
			buildActionMask = 2147483647;
			files = (
				03884E291ABE7AF700B4DFE0 /* CeldaLetra.m in Sources */,
				03884E1D1ABE781900B4DFE0 /* DelegateTableView.m in Sources */,
				03884DF81ABE6D4300B4DFE0 /* ViewController.m in Sources */,
				03884DF51ABE6D4300B4DFE0 /* AppDelegate.m in Sources */,
				03884E2E1ABE9E2B00B4DFE0 /* DetailsViewController.m in Sources */,
				03884E261ABE7AE900B4DFE0 /* CeldaNombre.m in Sources */,
				03884DF21ABE6D4300B4DFE0 /* main.m in Sources */,
			);
			runOnlyForDeploymentPostprocessing = 0;
		};
		03884E011ABE6D4300B4DFE0 /* Sources */ = {
			isa = PBXSourcesBuildPhase;
			buildActionMask = 2147483647;
			files = (
				03884E0C1ABE6D4300B4DFE0 /* IoPTarea1Tests.m in Sources */,
			);
			runOnlyForDeploymentPostprocessing = 0;
		};
/* End PBXSourcesBuildPhase section */

/* Begin PBXTargetDependency section */
		03884E071ABE6D4300B4DFE0 /* PBXTargetDependency */ = {
			isa = PBXTargetDependency;
			target = 03884DEB1ABE6D4300B4DFE0 /* IoPTarea1 */;
			targetProxy = 03884E061ABE6D4300B4DFE0 /* PBXContainerItemProxy */;
		};
/* End PBXTargetDependency section */

/* Begin PBXVariantGroup section */
		03884DF91ABE6D4300B4DFE0 /* Main.storyboard */ = {
			isa = PBXVariantGroup;
			children = (
				03884DFA1ABE6D4300B4DFE0 /* Base */,
			);
			name = Main.storyboard;
			sourceTree = "<group>";
		};
		03884DFE1ABE6D4300B4DFE0 /* LaunchScreen.xib */ = {
			isa = PBXVariantGroup;
			children = (
				03884DFF1ABE6D4300B4DFE0 /* Base */,
			);
			name = LaunchScreen.xib;
			sourceTree = "<group>";
		};
/* End PBXVariantGroup section */

/* Begin XCBuildConfiguration section */
		03884E0D1ABE6D4300B4DFE0 /* Debug */ = {
			isa = XCBuildConfiguration;
			buildSettings = {
				ALWAYS_SEARCH_USER_PATHS = NO;
				CLANG_CXX_LANGUAGE_STANDARD = "gnu++0x";
				CLANG_CXX_LIBRARY = "libc++";
				CLANG_ENABLE_MODULES = YES;
				CLANG_ENABLE_OBJC_ARC = YES;
				CLANG_WARN_BOOL_CONVERSION = YES;
				CLANG_WARN_CONSTANT_CONVERSION = YES;
				CLANG_WARN_DIRECT_OBJC_ISA_USAGE = YES_ERROR;
				CLANG_WARN_EMPTY_BODY = YES;
				CLANG_WARN_ENUM_CONVERSION = YES;
				CLANG_WARN_INT_CONVERSION = YES;
				CLANG_WARN_OBJC_ROOT_CLASS = YES_ERROR;
				CLANG_WARN_UNREACHABLE_CODE = YES;
				CLANG_WARN__DUPLICATE_METHOD_MATCH = YES;
				"CODE_SIGN_IDENTITY[sdk=iphoneos*]" = "iPhone Developer";
				COPY_PHASE_STRIP = NO;
				ENABLE_STRICT_OBJC_MSGSEND = YES;
				GCC_C_LANGUAGE_STANDARD = gnu99;
				GCC_DYNAMIC_NO_PIC = NO;
				GCC_OPTIMIZATION_LEVEL = 0;
				GCC_PREPROCESSOR_DEFINITIONS = (
					"DEBUG=1",
					"$(inherited)",
				);
				GCC_SYMBOLS_PRIVATE_EXTERN = NO;
				GCC_WARN_64_TO_32_BIT_CONVERSION = YES;
				GCC_WARN_ABOUT_RETURN_TYPE = YES_ERROR;
				GCC_WARN_UNDECLARED_SELECTOR = YES;
				GCC_WARN_UNINITIALIZED_AUTOS = YES_AGGRESSIVE;
				GCC_WARN_UNUSED_FUNCTION = YES;
				GCC_WARN_UNUSED_VARIABLE = YES;
				IPHONEOS_DEPLOYMENT_TARGET = 8.2;
				MTL_ENABLE_DEBUG_INFO = YES;
				ONLY_ACTIVE_ARCH = YES;
				SDKROOT = iphoneos;
			};
			name = Debug;
		};
		03884E0E1ABE6D4300B4DFE0 /* Release */ = {
			isa = XCBuildConfiguration;
			buildSettings = {
				ALWAYS_SEARCH_USER_PATHS = NO;
				CLANG_CXX_LANGUAGE_STANDARD = "gnu++0x";
				CLANG_CXX_LIBRARY = "libc++";
				CLANG_ENABLE_MODULES = YES;
				CLANG_ENABLE_OBJC_ARC = YES;
				CLANG_WARN_BOOL_CONVERSION = YES;
				CLANG_WARN_CONSTANT_CONVERSION = YES;
				CLANG_WARN_DIRECT_OBJC_ISA_USAGE = YES_ERROR;
				CLANG_WARN_EMPTY_BODY = YES;
				CLANG_WARN_ENUM_CONVERSION = YES;
				CLANG_WARN_INT_CONVERSION = YES;
				CLANG_WARN_OBJC_ROOT_CLASS = YES_ERROR;
				CLANG_WARN_UNREACHABLE_CODE = YES;
				CLANG_WARN__DUPLICATE_METHOD_MATCH = YES;
				"CODE_SIGN_IDENTITY[sdk=iphoneos*]" = "iPhone Developer";
				COPY_PHASE_STRIP = NO;
				ENABLE_NS_ASSERTIONS = NO;
				ENABLE_STRICT_OBJC_MSGSEND = YES;
				GCC_C_LANGUAGE_STANDARD = gnu99;
				GCC_WARN_64_TO_32_BIT_CONVERSION = YES;
				GCC_WARN_ABOUT_RETURN_TYPE = YES_ERROR;
				GCC_WARN_UNDECLARED_SELECTOR = YES;
				GCC_WARN_UNINITIALIZED_AUTOS = YES_AGGRESSIVE;
				GCC_WARN_UNUSED_FUNCTION = YES;
				GCC_WARN_UNUSED_VARIABLE = YES;
				IPHONEOS_DEPLOYMENT_TARGET = 8.2;
				MTL_ENABLE_DEBUG_INFO = NO;
				SDKROOT = iphoneos;
				VALIDATE_PRODUCT = YES;
			};
			name = Release;
		};
		03884E101ABE6D4300B4DFE0 /* Debug */ = {
			isa = XCBuildConfiguration;
			buildSettings = {
				ASSETCATALOG_COMPILER_APPICON_NAME = AppIcon;
				INFOPLIST_FILE = IoPTarea1/Info.plist;
				LD_RUNPATH_SEARCH_PATHS = "$(inherited) @executable_path/Frameworks";
				PRODUCT_NAME = "$(TARGET_NAME)";
			};
			name = Debug;
		};
		03884E111ABE6D4300B4DFE0 /* Release */ = {
			isa = XCBuildConfiguration;
			buildSettings = {
				ASSETCATALOG_COMPILER_APPICON_NAME = AppIcon;
				INFOPLIST_FILE = IoPTarea1/Info.plist;
				LD_RUNPATH_SEARCH_PATHS = "$(inherited) @executable_path/Frameworks";
				PRODUCT_NAME = "$(TARGET_NAME)";
			};
			name = Release;
		};
		03884E131ABE6D4300B4DFE0 /* Debug */ = {
			isa = XCBuildConfiguration;
			buildSettings = {
				BUNDLE_LOADER = "$(TEST_HOST)";
				FRAMEWORK_SEARCH_PATHS = (
					"$(SDKROOT)/Developer/Library/Frameworks",
					"$(inherited)",
				);
				GCC_PREPROCESSOR_DEFINITIONS = (
					"DEBUG=1",
					"$(inherited)",
				);
				INFOPLIST_FILE = IoPTarea1Tests/Info.plist;
				LD_RUNPATH_SEARCH_PATHS = "$(inherited) @executable_path/Frameworks @loader_path/Frameworks";
				PRODUCT_NAME = "$(TARGET_NAME)";
				TEST_HOST = "$(BUILT_PRODUCTS_DIR)/IoPTarea1.app/IoPTarea1";
			};
			name = Debug;
		};
		03884E141ABE6D4300B4DFE0 /* Release */ = {
			isa = XCBuildConfiguration;
			buildSettings = {
				BUNDLE_LOADER = "$(TEST_HOST)";
				FRAMEWORK_SEARCH_PATHS = (
					"$(SDKROOT)/Developer/Library/Frameworks",
					"$(inherited)",
				);
				INFOPLIST_FILE = IoPTarea1Tests/Info.plist;
				LD_RUNPATH_SEARCH_PATHS = "$(inherited) @executable_path/Frameworks @loader_path/Frameworks";
				PRODUCT_NAME = "$(TARGET_NAME)";
				TEST_HOST = "$(BUILT_PRODUCTS_DIR)/IoPTarea1.app/IoPTarea1";
			};
			name = Release;
		};
/* End XCBuildConfiguration section */

/* Begin XCConfigurationList section */
		03884DE71ABE6D4300B4DFE0 /* Build configuration list for PBXProject "IoPTarea1" */ = {
			isa = XCConfigurationList;
			buildConfigurations = (
				03884E0D1ABE6D4300B4DFE0 /* Debug */,
				03884E0E1ABE6D4300B4DFE0 /* Release */,
			);
			defaultConfigurationIsVisible = 0;
			defaultConfigurationName = Release;
		};
		03884E0F1ABE6D4300B4DFE0 /* Build configuration list for PBXNativeTarget "IoPTarea1" */ = {
			isa = XCConfigurationList;
			buildConfigurations = (
				03884E101ABE6D4300B4DFE0 /* Debug */,
				03884E111ABE6D4300B4DFE0 /* Release */,
			);
			defaultConfigurationIsVisible = 0;
		};
		03884E121ABE6D4300B4DFE0 /* Build configuration list for PBXNativeTarget "IoPTarea1Tests" */ = {
			isa = XCConfigurationList;
			buildConfigurations = (
				03884E131ABE6D4300B4DFE0 /* Debug */,
				03884E141ABE6D4300B4DFE0 /* Release */,
			);
			defaultConfigurationIsVisible = 0;
		};
/* End XCConfigurationList section */
	};
	rootObject = 03884DE41ABE6D4300B4DFE0 /* Project object */;
}
